
Microsoft Visual Studio Solution File, Format Version 12.00
# Visual Studio Version 17
VisualStudioVersion = 17.9.34701.34
MinimumVisualStudioVersion = 10.0.40219.1
Project("{FAE04EC0-301F-11D3-BF4B-00C04F79EFBC}") = "MonsterHunterwiki", "MonsterHunterwiki\MonsterHunterwiki.csproj", "{3680334B-9B8E-4C53-A57D-DF2665505F4B}"
EndProject
Global
	GlobalSection(SolutionConfigurationPlatforms) = preSolution
		Debug|Any CPU = Debug|Any CPU
		Release|Any CPU = Release|Any CPU
	EndGlobalSection
	GlobalSection(ProjectConfigurationPlatforms) = postSolution
		{3680334B-9B8E-4C53-A57D-DF2665505F4B}.Debug|Any CPU.ActiveCfg = Debug|Any CPU
		{3680334B-9B8E-4C53-A57D-DF2665505F4B}.Debug|Any CPU.Build.0 = Debug|Any CPU
		{3680334B-9B8E-4C53-A57D-DF2665505F4B}.Release|Any CPU.ActiveCfg = Release|Any CPU
		{3680334B-9B8E-4C53-A57D-DF2665505F4B}.Release|Any CPU.Build.0 = Release|Any CPU
	EndGlobalSection
	GlobalSection(SolutionProperties) = preSolution
		HideSolutionNode = FALSE
	EndGlobalSection
	GlobalSection(ExtensibilityGlobals) = postSolution
		SolutionGuid = {CE9787B3-B555-433E-B941-4443233510B6}
	EndGlobalSection
EndGlobal
